
Microsoft Visual Studio Solution File, Format Version 12.00
# Visual Studio Version 17
VisualStudioVersion = 17.9.34701.34
MinimumVisualStudioVersion = 10.0.40219.1
Project("{FAE04EC0-301F-11D3-BF4B-00C04F79EFBC}") = "Realstate", "Realstate.csproj", "{60589B42-3CE0-4B95-A48C-410584861D69}"
EndProject
Global
	GlobalSection(SolutionConfigurationPlatforms) = preSolution
		Debug|Any CPU = Debug|Any CPU
		Release|Any CPU = Release|Any CPU
	EndGlobalSection
	GlobalSection(ProjectConfigurationPlatforms) = postSolution
		{60589B42-3CE0-4B95-A48C-410584861D69}.Debug|Any CPU.ActiveCfg = Debug|Any CPU
		{60589B42-3CE0-4B95-A48C-410584861D69}.Debug|Any CPU.Build.0 = Debug|Any CPU
		{60589B42-3CE0-4B95-A48C-410584861D69}.Debug|Any CPU.Deploy.0 = Debug|Any CPU
		{60589B42-3CE0-4B95-A48C-410584861D69}.Release|Any CPU.ActiveCfg = Release|Any CPU
		{60589B42-3CE0-4B95-A48C-410584861D69}.Release|Any CPU.Build.0 = Release|Any CPU
		{60589B42-3CE0-4B95-A48C-410584861D69}.Release|Any CPU.Deploy.0 = Release|Any CPU
	EndGlobalSection
	GlobalSection(SolutionProperties) = preSolution
		HideSolutionNode = FALSE
	EndGlobalSection
	GlobalSection(ExtensibilityGlobals) = postSolution
		SolutionGuid = {A94CAAC2-393D-42D4-BA9A-7EC23C701D2F}
	EndGlobalSection
EndGlobal
